
Microsoft Visual Studio Solution File, Format Version 12.00
# Visual Studio Version 17
VisualStudioVersion = 17.14.36221.1 d17.14
MinimumVisualStudioVersion = 10.0.40219.1
Project("{FAE04EC0-301F-11D3-BF4B-00C04F79EFBC}") = "UtilityBot", "UtilityBot\UtilityBot.csproj", "{B00FDB67-19F4-418A-9729-E895D51DBE9C}"
EndProject
Global
	GlobalSection(SolutionConfigurationPlatforms) = preSolution
		Debug|Any CPU = Debug|Any CPU
		Release|Any CPU = Release|Any CPU
	EndGlobalSection
	GlobalSection(ProjectConfigurationPlatforms) = postSolution
		{B00FDB67-19F4-418A-9729-E895D51DBE9C}.Debug|Any CPU.ActiveCfg = Debug|Any CPU
		{B00FDB67-19F4-418A-9729-E895D51DBE9C}.Debug|Any CPU.Build.0 = Debug|Any CPU
		{B00FDB67-19F4-418A-9729-E895D51DBE9C}.Release|Any CPU.ActiveCfg = Release|Any CPU
		{B00FDB67-19F4-418A-9729-E895D51DBE9C}.Release|Any CPU.Build.0 = Release|Any CPU
	EndGlobalSection
	GlobalSection(SolutionProperties) = preSolution
		HideSolutionNode = FALSE
	EndGlobalSection
	GlobalSection(ExtensibilityGlobals) = postSolution
		SolutionGuid = {77C8063F-BEBC-4E8C-8401-7DBEB89BB846}
	EndGlobalSection
EndGlobal
